
Microsoft Visual Studio Solution File, Format Version 12.00
# Visual Studio 2013
VisualStudioVersion = 12.0.31101.0
MinimumVisualStudioVersion = 10.0.40219.1
Project("{8BC9CEB8-8B4A-11D0-8D11-00A0C91BC942}") = "1000", "1000\1000.vcxproj", "{D3232867-A2C0-4A2A-9DF9-F430DEE22776}"
EndProject
Project("{8BC9CEB8-8B4A-11D0-8D11-00A0C91BC942}") = "7287", "7287\7287.vcxproj", "{5A6D1478-C16D-4E75-947D-B5799328BD7D}"
EndProject
Project("{8BC9CEB8-8B4A-11D0-8D11-00A0C91BC942}") = "10172", "10172\10172.vcxproj", "{52022385-66DF-4FE1-B7AC-0C7FCB8E1806}"
EndProject
Project("{8BC9CEB8-8B4A-11D0-8D11-00A0C91BC942}") = "1149", "1149\1149.vcxproj", "{C46E76AC-766D-4865-B9B4-EF2A5318DC45}"
EndProject
Project("{8BC9CEB8-8B4A-11D0-8D11-00A0C91BC942}") = "10718", "10718\10718.vcxproj", "{A01848F2-6A3A-420C-96B9-10D9E809F30F}"
EndProject
Project("{8BC9CEB8-8B4A-11D0-8D11-00A0C91BC942}") = "11718", "11718\11718.vcxproj", "{1E2D5AD7-051A-43BE-86FA-69995C2C9019}"
EndProject
Project("{8BC9CEB8-8B4A-11D0-8D11-00A0C91BC942}") = "1520", "1520\1520.vcxproj", "{D7A6EA7C-295C-4161-BBB0-82B96B735FA5}"
EndProject
Project("{8BC9CEB8-8B4A-11D0-8D11-00A0C91BC942}") = "1932", "1932\1932.vcxproj", "{61717D9D-AE4F-449B-BE56-D57BF18456FA}"
EndProject
Project("{8BC9CEB8-8B4A-11D0-8D11-00A0C91BC942}") = "2579", "2579\2579.vcxproj", "{709F3912-54B7-4D80-9B3B-350D840D232F}"
EndProject
Project("{8BC9CEB8-8B4A-11D0-8D11-00A0C91BC942}") = "1005", "1005\1005.vcxproj", "{53C32A47-D6E8-42F5-8A5D-8AC83A48C131}"
EndProject
Project("{8BC9CEB8-8B4A-11D0-8D11-00A0C91BC942}") = "1463", "1463\1463.vcxproj", "{F2CED5B4-4406-4CED-A8EA-AF6D6A17F76D}"
EndProject
Project("{8BC9CEB8-8B4A-11D0-8D11-00A0C91BC942}") = "10844", "10844\10844.vcxproj", "{7FB17AA3-29D9-4A71-B19C-D374FBB96D9B}"
EndProject
Project("{8BC9CEB8-8B4A-11D0-8D11-00A0C91BC942}") = "2156", "2156\2156.vcxproj", "{B5293F6D-1240-41B0-965C-ADD0EB16F2A2}"
EndProject
Project("{8BC9CEB8-8B4A-11D0-8D11-00A0C91BC942}") = "2293", "2293\2293.vcxproj", "{9462C2BA-896A-409A-A02C-F9576EDD9943}"
EndProject
Project("{8BC9CEB8-8B4A-11D0-8D11-00A0C91BC942}") = "2965", "2965\2965.vcxproj", "{1FBD81DD-4AC6-41FE-84BF-C1F6D84746E2}"
EndProject
Project("{8BC9CEB8-8B4A-11D0-8D11-00A0C91BC942}") = "9461", "9461\9461.vcxproj", "{8298B581-2F83-4AB1-B26B-5C8A88AD44B2}"
EndProject
Project("{8BC9CEB8-8B4A-11D0-8D11-00A0C91BC942}") = "11066", "11066\11066.vcxproj", "{298F8A9D-1E65-471A-8C5A-0B43FE562A2F}"
EndProject
Project("{8BC9CEB8-8B4A-11D0-8D11-00A0C91BC942}") = "10828", "10828\10828.vcxproj", "{631F1BCA-3F18-405E-9771-677CFEF3863A}"
EndProject
Project("{8BC9CEB8-8B4A-11D0-8D11-00A0C91BC942}") = "10845", "10845\10845.vcxproj", "{3CDBEA11-BA8C-4B27-B996-02C51A051AE6}"
EndProject
Project("{8BC9CEB8-8B4A-11D0-8D11-00A0C91BC942}") = "10451", "10451\10451.vcxproj", "{204A4F01-D1F4-4FF1-BC8D-B4D9E55015BA}"
EndProject
Project("{8BC9CEB8-8B4A-11D0-8D11-00A0C91BC942}") = "2667", "2667\2667.vcxproj", "{68640C0E-605D-49CE-B1E3-562DFBC661EA}"
EndProject
Project("{8BC9CEB8-8B4A-11D0-8D11-00A0C91BC942}") = "2178", "2178\2178.vcxproj", "{64217679-FAF0-45DE-91A1-69E4743C6F4F}"
EndProject
Project("{8BC9CEB8-8B4A-11D0-8D11-00A0C91BC942}") = "1890", "1890\1890.vcxproj", "{F95E46B7-8870-497E-BDE5-B8D8F3E978C2}"
EndProject
Project("{8BC9CEB8-8B4A-11D0-8D11-00A0C91BC942}") = "7576", "7576\7576.vcxproj", "{F0B8C475-354D-47A0-A7CF-900B6DDE64B7}"
EndProject
Project("{8BC9CEB8-8B4A-11D0-8D11-00A0C91BC942}") = "14503", "14503\14503.vcxproj", "{947FE61D-93DB-46B2-A028-9570B8E4A416}"
EndProject
Project("{8BC9CEB8-8B4A-11D0-8D11-00A0C91BC942}") = "3190", "3190\3190.vcxproj", "{062CF727-C0A7-4202-8682-8BA9E8C7BA3A}"
EndProject
Project("{8BC9CEB8-8B4A-11D0-8D11-00A0C91BC942}") = "14499", "14499\14499.vcxproj", "{8103ED33-4CF5-4C95-9081-13CF778EA4B3}"
EndProject
Project("{8BC9CEB8-8B4A-11D0-8D11-00A0C91BC942}") = "2606", "2606\2606.vcxproj", "{9C185BF2-D0D0-47F8-BDE0-B7F7B92531FD}"
EndProject
Global
	GlobalSection(SolutionConfigurationPlatforms) = preSolution
		Debug|Any CPU = Debug|Any CPU
		Debug|Mixed Platforms = Debug|Mixed Platforms
		Debug|Win32 = Debug|Win32
		Debug|x64 = Debug|x64
		Debug|x86 = Debug|x86
		Release|Any CPU = Release|Any CPU
		Release|Mixed Platforms = Release|Mixed Platforms
		Release|Win32 = Release|Win32
		Release|x64 = Release|x64
		Release|x86 = Release|x86
	EndGlobalSection
	GlobalSection(ProjectConfigurationPlatforms) = postSolution
		{D3232867-A2C0-4A2A-9DF9-F430DEE22776}.Debug|Any CPU.ActiveCfg = Debug|Win32
		{D3232867-A2C0-4A2A-9DF9-F430DEE22776}.Debug|Mixed Platforms.ActiveCfg = Debug|Win32
		{D3232867-A2C0-4A2A-9DF9-F430DEE22776}.Debug|Mixed Platforms.Build.0 = Debug|Win32
		{D3232867-A2C0-4A2A-9DF9-F430DEE22776}.Debug|Win32.ActiveCfg = Debug|Win32
		{D3232867-A2C0-4A2A-9DF9-F430DEE22776}.Debug|Win32.Build.0 = Debug|Win32
		{D3232867-A2C0-4A2A-9DF9-F430DEE22776}.Debug|x64.ActiveCfg = Debug|x64
		{D3232867-A2C0-4A2A-9DF9-F430DEE22776}.Debug|x64.Build.0 = Debug|x64
		{D3232867-A2C0-4A2A-9DF9-F430DEE22776}.Debug|x86.ActiveCfg = Debug|Win32
		{D3232867-A2C0-4A2A-9DF9-F430DEE22776}.Debug|x86.Build.0 = Debug|Win32
		{D3232867-A2C0-4A2A-9DF9-F430DEE22776}.Release|Any CPU.ActiveCfg = Release|Win32
		{D3232867-A2C0-4A2A-9DF9-F430DEE22776}.Release|Mixed Platforms.ActiveCfg = Release|Win32
		{D3232867-A2C0-4A2A-9DF9-F430DEE22776}.Release|Mixed Platforms.Build.0 = Release|Win32
		{D3232867-A2C0-4A2A-9DF9-F430DEE22776}.Release|Win32.ActiveCfg = Release|Win32
		{D3232867-A2C0-4A2A-9DF9-F430DEE22776}.Release|Win32.Build.0 = Release|Win32
		{D3232867-A2C0-4A2A-9DF9-F430DEE22776}.Release|x64.ActiveCfg = Release|x64
		{D3232867-A2C0-4A2A-9DF9-F430DEE22776}.Release|x64.Build.0 = Release|x64
		{D3232867-A2C0-4A2A-9DF9-F430DEE22776}.Release|x86.ActiveCfg = Release|Win32
		{D3232867-A2C0-4A2A-9DF9-F430DEE22776}.Release|x86.Build.0 = Release|Win32
		{5A6D1478-C16D-4E75-947D-B5799328BD7D}.Debug|Any CPU.ActiveCfg = Debug|Win32
		{5A6D1478-C16D-4E75-947D-B5799328BD7D}.Debug|Mixed Platforms.ActiveCfg = Debug|Win32
		{5A6D1478-C16D-4E75-947D-B5799328BD7D}.Debug|Mixed Platforms.Build.0 = Debug|Win32
		{5A6D1478-C16D-4E75-947D-B5799328BD7D}.Debug|Win32.ActiveCfg = Debug|Win32
		{5A6D1478-C16D-4E75-947D-B5799328BD7D}.Debug|Win32.Build.0 = Debug|Win32
		{5A6D1478-C16D-4E75-947D-B5799328BD7D}.Debug|x64.ActiveCfg = Debug|x64
		{5A6D1478-C16D-4E75-947D-B5799328BD7D}.Debug|x64.Build.0 = Debug|x64
		{5A6D1478-C16D-4E75-947D-B5799328BD7D}.Debug|x86.ActiveCfg = Debug|Win32
		{5A6D1478-C16D-4E75-947D-B5799328BD7D}.Debug|x86.Build.0 = Debug|Win32
		{5A6D1478-C16D-4E75-947D-B5799328BD7D}.Release|Any CPU.ActiveCfg = Release|Win32
		{5A6D1478-C16D-4E75-947D-B5799328BD7D}.Release|Mixed Platforms.ActiveCfg = Release|Win32
		{5A6D1478-C16D-4E75-947D-B5799328BD7D}.Release|Mixed Platforms.Build.0 = Release|Win32
		{5A6D1478-C16D-4E75-947D-B5799328BD7D}.Release|Win32.ActiveCfg = Release|Win32
		{5A6D1478-C16D-4E75-947D-B5799328BD7D}.Release|Win32.Build.0 = Release|Win32
		{5A6D1478-C16D-4E75-947D-B5799328BD7D}.Release|x64.ActiveCfg = Release|x64
		{5A6D1478-C16D-4E75-947D-B5799328BD7D}.Release|x64.Build.0 = Release|x64
		{5A6D1478-C16D-4E75-947D-B5799328BD7D}.Release|x86.ActiveCfg = Release|Win32
		{5A6D1478-C16D-4E75-947D-B5799328BD7D}.Release|x86.Build.0 = Release|Win32
		{52022385-66DF-4FE1-B7AC-0C7FCB8E1806}.Debug|Any CPU.ActiveCfg = Debug|Win32
		{52022385-66DF-4FE1-B7AC-0C7FCB8E1806}.Debug|Mixed Platforms.ActiveCfg = Debug|Win32
		{52022385-66DF-4FE1-B7AC-0C7FCB8E1806}.Debug|Mixed Platforms.Build.0 = Debug|Win32
		{52022385-66DF-4FE1-B7AC-0C7FCB8E1806}.Debug|Win32.ActiveCfg = Debug|Win32
		{52022385-66DF-4FE1-B7AC-0C7FCB8E1806}.Debug|Win32.Build.0 = Debug|Win32
		{52022385-66DF-4FE1-B7AC-0C7FCB8E1806}.Debug|x64.ActiveCfg = Debug|x64
		{52022385-66DF-4FE1-B7AC-0C7FCB8E1806}.Debug|x64.Build.0 = Debug|x64
		{52022385-66DF-4FE1-B7AC-0C7FCB8E1806}.Debug|x86.ActiveCfg = Debug|Win32
		{52022385-66DF-4FE1-B7AC-0C7FCB8E1806}.Debug|x86.Build.0 = Debug|Win32
		{52022385-66DF-4FE1-B7AC-0C7FCB8E1806}.Release|Any CPU.ActiveCfg = Release|Win32
		{52022385-66DF-4FE1-B7AC-0C7FCB8E1806}.Release|Mixed Platforms.ActiveCfg = Release|Win32
		{52022385-66DF-4FE1-B7AC-0C7FCB8E1806}.Release|Mixed Platforms.Build.0 = Release|Win32
		{52022385-66DF-4FE1-B7AC-0C7FCB8E1806}.Release|Win32.ActiveCfg = Release|Win32
		{52022385-66DF-4FE1-B7AC-0C7FCB8E1806}.Release|Win32.Build.0 = Release|Win32
		{52022385-66DF-4FE1-B7AC-0C7FCB8E1806}.Release|x64.ActiveCfg = Release|x64
		{52022385-66DF-4FE1-B7AC-0C7FCB8E1806}.Release|x64.Build.0 = Release|x64
		{52022385-66DF-4FE1-B7AC-0C7FCB8E1806}.Release|x86.ActiveCfg = Release|Win32
		{52022385-66DF-4FE1-B7AC-0C7FCB8E1806}.Release|x86.Build.0 = Release|Win32
		{C46E76AC-766D-4865-B9B4-EF2A5318DC45}.Debug|Any CPU.ActiveCfg = Debug|Win32
		{C46E76AC-766D-4865-B9B4-EF2A5318DC45}.Debug|Mixed Platforms.ActiveCfg = Debug|Win32
		{C46E76AC-766D-4865-B9B4-EF2A5318DC45}.Debug|Mixed Platforms.Build.0 = Debug|Win32
		{C46E76AC-766D-4865-B9B4-EF2A5318DC45}.Debug|Win32.ActiveCfg = Debug|Win32
		{C46E76AC-766D-4865-B9B4-EF2A5318DC45}.Debug|Win32.Build.0 = Debug|Win32
		{C46E76AC-766D-4865-B9B4-EF2A5318DC45}.Debug|x64.ActiveCfg = Debug|x64
		{C46E76AC-766D-4865-B9B4-EF2A5318DC45}.Debug|x64.Build.0 = Debug|x64
		{C46E76AC-766D-4865-B9B4-EF2A5318DC45}.Debug|x86.ActiveCfg = Debug|Win32
		{C46E76AC-766D-4865-B9B4-EF2A5318DC45}.Debug|x86.Build.0 = Debug|Win32
		{C46E76AC-766D-4865-B9B4-EF2A5318DC45}.Release|Any CPU.ActiveCfg = Release|Win32
		{C46E76AC-766D-4865-B9B4-EF2A5318DC45}.Release|Mixed Platforms.ActiveCfg = Release|Win32
		{C46E76AC-766D-4865-B9B4-EF2A5318DC45}.Release|Mixed Platforms.Build.0 = Release|Win32
		{C46E76AC-766D-4865-B9B4-EF2A5318DC45}.Release|Win32.ActiveCfg = Release|Win32
		{C46E76AC-766D-4865-B9B4-EF2A5318DC45}.Release|Win32.Build.0 = Release|Win32
		{C46E76AC-766D-4865-B9B4-EF2A5318DC45}.Release|x64.ActiveCfg = Release|x64
		{C46E76AC-766D-4865-B9B4-EF2A5318DC45}.Release|x64.Build.0 = Release|x64
		{C46E76AC-766D-4865-B9B4-EF2A5318DC45}.Release|x86.ActiveCfg = Release|Win32
		{C46E76AC-766D-4865-B9B4-EF2A5318DC45}.Release|x86.Build.0 = Release|Win32
		{A01848F2-6A3A-420C-96B9-10D9E809F30F}.Debug|Any CPU.ActiveCfg = Debug|Win32
		{A01848F2-6A3A-420C-96B9-10D9E809F30F}.Debug|Mixed Platforms.ActiveCfg = Debug|Win32
		{A01848F2-6A3A-420C-96B9-10D9E809F30F}.Debug|Mixed Platforms.Build.0 = Debug|Win32
		{A01848F2-6A3A-420C-96B9-10D9E809F30F}.Debug|Win32.ActiveCfg = Debug|Win32
		{A01848F2-6A3A-420C-96B9-10D9E809F30F}.Debug|Win32.Build.0 = Debug|Win32
		{A01848F2-6A3A-420C-96B9-10D9E809F30F}.Debug|x64.ActiveCfg = Debug|x64
		{A01848F2-6A3A-420C-96B9-10D9E809F30F}.Debug|x64.Build.0 = Debug|x64
		{A01848F2-6A3A-420C-96B9-10D9E809F30F}.Debug|x86.ActiveCfg = Debug|Win32
		{A01848F2-6A3A-420C-96B9-10D9E809F30F}.Debug|x86.Build.0 = Debug|Win32
		{A01848F2-6A3A-420C-96B9-10D9E809F30F}.Release|Any CPU.ActiveCfg = Release|Win32
		{A01848F2-6A3A-420C-96B9-10D9E809F30F}.Release|Mixed Platforms.ActiveCfg = Release|Win32
		{A01848F2-6A3A-420C-96B9-10D9E809F30F}.Release|Mixed Platforms.Build.0 = Release|Win32
		{A01848F2-6A3A-420C-96B9-10D9E809F30F}.Release|Win32.ActiveCfg = Release|Win32
		{A01848F2-6A3A-420C-96B9-10D9E809F30F}.Release|Win32.Build.0 = Release|Win32
		{A01848F2-6A3A-420C-96B9-10D9E809F30F}.Release|x64.ActiveCfg = Release|x64
		{A01848F2-6A3A-420C-96B9-10D9E809F30F}.Release|x64.Build.0 = Release|x64
		{A01848F2-6A3A-420C-96B9-10D9E809F30F}.Release|x86.ActiveCfg = Release|Win32
		{A01848F2-6A3A-420C-96B9-10D9E809F30F}.Release|x86.Build.0 = Release|Win32
		{1E2D5AD7-051A-43BE-86FA-69995C2C9019}.Debug|Any CPU.ActiveCfg = Debug|Win32
		{1E2D5AD7-051A-43BE-86FA-69995C2C9019}.Debug|Mixed Platforms.ActiveCfg = Debug|Win32
		{1E2D5AD7-051A-43BE-86FA-69995C2C9019}.Debug|Mixed Platforms.Build.0 = Debug|Win32
		{1E2D5AD7-051A-43BE-86FA-69995C2C9019}.Debug|Win32.ActiveCfg = Debug|Win32
		{1E2D5AD7-051A-43BE-86FA-69995C2C9019}.Debug|Win32.Build.0 = Debug|Win32
		{1E2D5AD7-051A-43BE-86FA-69995C2C9019}.Debug|x64.ActiveCfg = Debug|x64
		{1E2D5AD7-051A-43BE-86FA-69995C2C9019}.Debug|x64.Build.0 = Debug|x64
		{1E2D5AD7-051A-43BE-86FA-69995C2C9019}.Debug|x86.ActiveCfg = Debug|Win32
		{1E2D5AD7-051A-43BE-86FA-69995C2C9019}.Debug|x86.Build.0 = Debug|Win32
		{1E2D5AD7-051A-43BE-86FA-69995C2C9019}.Release|Any CPU.ActiveCfg = Release|Win32
		{1E2D5AD7-051A-43BE-86FA-69995C2C9019}.Release|Mixed Platforms.ActiveCfg = Release|Win32
		{1E2D5AD7-051A-43BE-86FA-69995C2C9019}.Release|Mixed Platforms.Build.0 = Release|Win32
		{1E2D5AD7-051A-43BE-86FA-69995C2C9019}.Release|Win32.ActiveCfg = Release|Win32
		{1E2D5AD7-051A-43BE-86FA-69995C2C9019}.Release|Win32.Build.0 = Release|Win32
		{1E2D5AD7-051A-43BE-86FA-69995C2C9019}.Release|x64.ActiveCfg = Release|x64
		{1E2D5AD7-051A-43BE-86FA-69995C2C9019}.Release|x64.Build.0 = Release|x64
		{1E2D5AD7-051A-43BE-86FA-69995C2C9019}.Release|x86.ActiveCfg = Release|Win32
		{1E2D5AD7-051A-43BE-86FA-69995C2C9019}.Release|x86.Build.0 = Release|Win32
		{D7A6EA7C-295C-4161-BBB0-82B96B735FA5}.Debug|Any CPU.ActiveCfg = Debug|Win32
		{D7A6EA7C-295C-4161-BBB0-82B96B735FA5}.Debug|Mixed Platforms.ActiveCfg = Debug|Win32
		{D7A6EA7C-295C-4161-BBB0-82B96B735FA5}.Debug|Mixed Platforms.Build.0 = Debug|Win32
		{D7A6EA7C-295C-4161-BBB0-82B96B735FA5}.Debug|Win32.ActiveCfg = Debug|Win32
		{D7A6EA7C-295C-4161-BBB0-82B96B735FA5}.Debug|Win32.Build.0 = Debug|Win32
		{D7A6EA7C-295C-4161-BBB0-82B96B735FA5}.Debug|x64.ActiveCfg = Debug|x64
		{D7A6EA7C-295C-4161-BBB0-82B96B735FA5}.Debug|x64.Build.0 = Debug|x64
		{D7A6EA7C-295C-4161-BBB0-82B96B735FA5}.Debug|x86.ActiveCfg = Debug|Win32
		{D7A6EA7C-295C-4161-BBB0-82B96B735FA5}.Debug|x86.Build.0 = Debug|Win32
		{D7A6EA7C-295C-4161-BBB0-82B96B735FA5}.Release|Any CPU.ActiveCfg = Release|Win32
		{D7A6EA7C-295C-4161-BBB0-82B96B735FA5}.Release|Mixed Platforms.ActiveCfg = Release|Win32
		{D7A6EA7C-295C-4161-BBB0-82B96B735FA5}.Release|Mixed Platforms.Build.0 = Release|Win32
		{D7A6EA7C-295C-4161-BBB0-82B96B735FA5}.Release|Win32.ActiveCfg = Release|Win32
		{D7A6EA7C-295C-4161-BBB0-82B96B735FA5}.Release|Win32.Build.0 = Release|Win32
		{D7A6EA7C-295C-4161-BBB0-82B96B735FA5}.Release|x64.ActiveCfg = Release|x64
		{D7A6EA7C-295C-4161-BBB0-82B96B735FA5}.Release|x64.Build.0 = Release|x64
		{D7A6EA7C-295C-4161-BBB0-82B96B735FA5}.Release|x86.ActiveCfg = Release|Win32
		{D7A6EA7C-295C-4161-BBB0-82B96B735FA5}.Release|x86.Build.0 = Release|Win32
		{61717D9D-AE4F-449B-BE56-D57BF18456FA}.Debug|Any CPU.ActiveCfg = Debug|Win32
		{61717D9D-AE4F-449B-BE56-D57BF18456FA}.Debug|Mixed Platforms.ActiveCfg = Debug|Win32
		{61717D9D-AE4F-449B-BE56-D57BF18456FA}.Debug|Mixed Platforms.Build.0 = Debug|Win32
		{61717D9D-AE4F-449B-BE56-D57BF18456FA}.Debug|Win32.ActiveCfg = Debug|Win32
		{61717D9D-AE4F-449B-BE56-D57BF18456FA}.Debug|Win32.Build.0 = Debug|Win32
		{61717D9D-AE4F-449B-BE56-D57BF18456FA}.Debug|x64.ActiveCfg = Debug|x64
		{61717D9D-AE4F-449B-BE56-D57BF18456FA}.Debug|x64.Build.0 = Debug|x64
		{61717D9D-AE4F-449B-BE56-D57BF18456FA}.Debug|x86.ActiveCfg = Debug|Win32
		{61717D9D-AE4F-449B-BE56-D57BF18456FA}.Debug|x86.Build.0 = Debug|Win32
		{61717D9D-AE4F-449B-BE56-D57BF18456FA}.Release|Any CPU.ActiveCfg = Release|Win32
		{61717D9D-AE4F-449B-BE56-D57BF18456FA}.Release|Mixed Platforms.ActiveCfg = Release|Win32
		{61717D9D-AE4F-449B-BE56-D57BF18456FA}.Release|Mixed Platforms.Build.0 = Release|Win32
		{61717D9D-AE4F-449B-BE56-D57BF18456FA}.Release|Win32.ActiveCfg = Release|Win32
		{61717D9D-AE4F-449B-BE56-D57BF18456FA}.Release|Win32.Build.0 = Release|Win32
		{61717D9D-AE4F-449B-BE56-D57BF18456FA}.Release|x64.ActiveCfg = Release|x64
		{61717D9D-AE4F-449B-BE56-D57BF18456FA}.Release|x64.Build.0 = Release|x64
		{61717D9D-AE4F-449B-BE56-D57BF18456FA}.Release|x86.ActiveCfg = Release|Win32
		{61717D9D-AE4F-449B-BE56-D57BF18456FA}.Release|x86.Build.0 = Release|Win32
		{709F3912-54B7-4D80-9B3B-350D840D232F}.Debug|Any CPU.ActiveCfg = Debug|Win32
		{709F3912-54B7-4D80-9B3B-350D840D232F}.Debug|Mixed Platforms.ActiveCfg = Debug|Win32
		{709F3912-54B7-4D80-9B3B-350D840D232F}.Debug|Mixed Platforms.Build.0 = Debug|Win32
		{709F3912-54B7-4D80-9B3B-350D840D232F}.Debug|Win32.ActiveCfg = Debug|Win32
		{709F3912-54B7-4D80-9B3B-350D840D232F}.Debug|Win32.Build.0 = Debug|Win32
		{709F3912-54B7-4D80-9B3B-350D840D232F}.Debug|x64.ActiveCfg = Debug|x64
		{709F3912-54B7-4D80-9B3B-350D840D232F}.Debug|x64.Build.0 = Debug|x64
		{709F3912-54B7-4D80-9B3B-350D840D232F}.Debug|x86.ActiveCfg = Debug|Win32
		{709F3912-54B7-4D80-9B3B-350D840D232F}.Debug|x86.Build.0 = Debug|Win32
		{709F3912-54B7-4D80-9B3B-350D840D232F}.Release|Any CPU.ActiveCfg = Release|Win32
		{709F3912-54B7-4D80-9B3B-350D840D232F}.Release|Mixed Platforms.ActiveCfg = Release|Win32
		{709F3912-54B7-4D80-9B3B-350D840D232F}.Release|Mixed Platforms.Build.0 = Release|Win32
		{709F3912-54B7-4D80-9B3B-350D840D232F}.Release|Win32.ActiveCfg = Release|Win32
		{709F3912-54B7-4D80-9B3B-350D840D232F}.Release|Win32.Build.0 = Release|Win32
		{709F3912-54B7-4D80-9B3B-350D840D232F}.Release|x64.ActiveCfg = Release|x64
		{709F3912-54B7-4D80-9B3B-350D840D232F}.Release|x64.Build.0 = Release|x64
		{709F3912-54B7-4D80-9B3B-350D840D232F}.Release|x86.ActiveCfg = Release|Win32
		{709F3912-54B7-4D80-9B3B-350D840D232F}.Release|x86.Build.0 = Release|Win32
		{53C32A47-D6E8-42F5-8A5D-8AC83A48C131}.Debug|Any CPU.ActiveCfg = Debug|Win32
		{53C32A47-D6E8-42F5-8A5D-8AC83A48C131}.Debug|Mixed Platforms.ActiveCfg = Debug|Win32
		{53C32A47-D6E8-42F5-8A5D-8AC83A48C131}.Debug|Mixed Platforms.Build.0 = Debug|Win32
		{53C32A47-D6E8-42F5-8A5D-8AC83A48C131}.Debug|Win32.ActiveCfg = Debug|Win32
		{53C32A47-D6E8-42F5-8A5D-8AC83A48C131}.Debug|Win32.Build.0 = Debug|Win32
		{53C32A47-D6E8-42F5-8A5D-8AC83A48C131}.Debug|x64.ActiveCfg = Debug|x64
		{53C32A47-D6E8-42F5-8A5D-8AC83A48C131}.Debug|x64.Build.0 = Debug|x64
		{53C32A47-D6E8-42F5-8A5D-8AC83A48C131}.Debug|x86.ActiveCfg = Debug|Win32
		{53C32A47-D6E8-42F5-8A5D-8AC83A48C131}.Debug|x86.Build.0 = Debug|Win32
		{53C32A47-D6E8-42F5-8A5D-8AC83A48C131}.Release|Any CPU.ActiveCfg = Release|Win32
		{53C32A47-D6E8-42F5-8A5D-8AC83A48C131}.Release|Mixed Platforms.ActiveCfg = Release|Win32
		{53C32A47-D6E8-42F5-8A5D-8AC83A48C131}.Release|Mixed Platforms.Build.0 = Release|Win32
		{53C32A47-D6E8-42F5-8A5D-8AC83A48C131}.Release|Win32.ActiveCfg = Release|Win32
		{53C32A47-D6E8-42F5-8A5D-8AC83A48C131}.Release|Win32.Build.0 = Release|Win32
		{53C32A47-D6E8-42F5-8A5D-8AC83A48C131}.Release|x64.ActiveCfg = Release|x64
		{53C32A47-D6E8-42F5-8A5D-8AC83A48C131}.Release|x64.Build.0 = Release|x64
		{53C32A47-D6E8-42F5-8A5D-8AC83A48C131}.Release|x86.ActiveCfg = Release|Win32
		{53C32A47-D6E8-42F5-8A5D-8AC83A48C131}.Release|x86.Build.0 = Release|Win32
		{F2CED5B4-4406-4CED-A8EA-AF6D6A17F76D}.Debug|Any CPU.ActiveCfg = Debug|Win32
		{F2CED5B4-4406-4CED-A8EA-AF6D6A17F76D}.Debug|Mixed Platforms.ActiveCfg = Debug|Win32
		{F2CED5B4-4406-4CED-A8EA-AF6D6A17F76D}.Debug|Mixed Platforms.Build.0 = Debug|Win32
		{F2CED5B4-4406-4CED-A8EA-AF6D6A17F76D}.Debug|Win32.ActiveCfg = Debug|Win32
		{F2CED5B4-4406-4CED-A8EA-AF6D6A17F76D}.Debug|Win32.Build.0 = Debug|Win32
		{F2CED5B4-4406-4CED-A8EA-AF6D6A17F76D}.Debug|x64.ActiveCfg = Debug|Win32
		{F2CED5B4-4406-4CED-A8EA-AF6D6A17F76D}.Debug|x86.ActiveCfg = Debug|Win32
		{F2CED5B4-4406-4CED-A8EA-AF6D6A17F76D}.Debug|x86.Build.0 = Debug|Win32
		{F2CED5B4-4406-4CED-A8EA-AF6D6A17F76D}.Release|Any CPU.ActiveCfg = Release|Win32
		{F2CED5B4-4406-4CED-A8EA-AF6D6A17F76D}.Release|Mixed Platforms.ActiveCfg = Release|Win32
		{F2CED5B4-4406-4CED-A8EA-AF6D6A17F76D}.Release|Mixed Platforms.Build.0 = Release|Win32
		{F2CED5B4-4406-4CED-A8EA-AF6D6A17F76D}.Release|Win32.ActiveCfg = Release|Win32
		{F2CED5B4-4406-4CED-A8EA-AF6D6A17F76D}.Release|Win32.Build.0 = Release|Win32
		{F2CED5B4-4406-4CED-A8EA-AF6D6A17F76D}.Release|x64.ActiveCfg = Release|Win32
		{F2CED5B4-4406-4CED-A8EA-AF6D6A17F76D}.Release|x86.ActiveCfg = Release|Win32
		{F2CED5B4-4406-4CED-A8EA-AF6D6A17F76D}.Release|x86.Build.0 = Release|Win32
		{7FB17AA3-29D9-4A71-B19C-D374FBB96D9B}.Debug|Any CPU.ActiveCfg = Debug|Win32
		{7FB17AA3-29D9-4A71-B19C-D374FBB96D9B}.Debug|Mixed Platforms.ActiveCfg = Debug|Win32
		{7FB17AA3-29D9-4A71-B19C-D374FBB96D9B}.Debug|Mixed Platforms.Build.0 = Debug|Win32
		{7FB17AA3-29D9-4A71-B19C-D374FBB96D9B}.Debug|Win32.ActiveCfg = Debug|Win32
		{7FB17AA3-29D9-4A71-B19C-D374FBB96D9B}.Debug|Win32.Build.0 = Debug|Win32
		{7FB17AA3-29D9-4A71-B19C-D374FBB96D9B}.Debug|x64.ActiveCfg = Debug|Win32
		{7FB17AA3-29D9-4A71-B19C-D374FBB96D9B}.Debug|x86.ActiveCfg = Debug|Win32
		{7FB17AA3-29D9-4A71-B19C-D374FBB96D9B}.Debug|x86.Build.0 = Debug|Win32
		{7FB17AA3-29D9-4A71-B19C-D374FBB96D9B}.Release|Any CPU.ActiveCfg = Release|Win32
		{7FB17AA3-29D9-4A71-B19C-D374FBB96D9B}.Release|Mixed Platforms.ActiveCfg = Release|Win32
		{7FB17AA3-29D9-4A71-B19C-D374FBB96D9B}.Release|Mixed Platforms.Build.0 = Release|Win32
		{7FB17AA3-29D9-4A71-B19C-D374FBB96D9B}.Release|Win32.ActiveCfg = Release|Win32
		{7FB17AA3-29D9-4A71-B19C-D374FBB96D9B}.Release|Win32.Build.0 = Release|Win32
		{7FB17AA3-29D9-4A71-B19C-D374FBB96D9B}.Release|x64.ActiveCfg = Release|Win32
		{7FB17AA3-29D9-4A71-B19C-D374FBB96D9B}.Release|x86.ActiveCfg = Release|Win32
		{7FB17AA3-29D9-4A71-B19C-D374FBB96D9B}.Release|x86.Build.0 = Release|Win32
		{B5293F6D-1240-41B0-965C-ADD0EB16F2A2}.Debug|Any CPU.ActiveCfg = Debug|Win32
		{B5293F6D-1240-41B0-965C-ADD0EB16F2A2}.Debug|Mixed Platforms.ActiveCfg = Debug|Win32
		{B5293F6D-1240-41B0-965C-ADD0EB16F2A2}.Debug|Mixed Platforms.Build.0 = Debug|Win32
		{B5293F6D-1240-41B0-965C-ADD0EB16F2A2}.Debug|Win32.ActiveCfg = Debug|Win32
		{B5293F6D-1240-41B0-965C-ADD0EB16F2A2}.Debug|Win32.Build.0 = Debug|Win32
		{B5293F6D-1240-41B0-965C-ADD0EB16F2A2}.Debug|x64.ActiveCfg = Debug|Win32
		{B5293F6D-1240-41B0-965C-ADD0EB16F2A2}.Debug|x86.ActiveCfg = Debug|Win32
		{B5293F6D-1240-41B0-965C-ADD0EB16F2A2}.Debug|x86.Build.0 = Debug|Win32
		{B5293F6D-1240-41B0-965C-ADD0EB16F2A2}.Release|Any CPU.ActiveCfg = Release|Win32
		{B5293F6D-1240-41B0-965C-ADD0EB16F2A2}.Release|Mixed Platforms.ActiveCfg = Release|Win32
		{B5293F6D-1240-41B0-965C-ADD0EB16F2A2}.Release|Mixed Platforms.Build.0 = Release|Win32
		{B5293F6D-1240-41B0-965C-ADD0EB16F2A2}.Release|Win32.ActiveCfg = Release|Win32
		{B5293F6D-1240-41B0-965C-ADD0EB16F2A2}.Release|Win32.Build.0 = Release|Win32
		{B5293F6D-1240-41B0-965C-ADD0EB16F2A2}.Release|x64.ActiveCfg = Release|Win32
		{B5293F6D-1240-41B0-965C-ADD0EB16F2A2}.Release|x86.ActiveCfg = Release|Win32
		{B5293F6D-1240-41B0-965C-ADD0EB16F2A2}.Release|x86.Build.0 = Release|Win32
		{9462C2BA-896A-409A-A02C-F9576EDD9943}.Debug|Any CPU.ActiveCfg = Debug|Win32
		{9462C2BA-896A-409A-A02C-F9576EDD9943}.Debug|Mixed Platforms.ActiveCfg = Debug|Win32
		{9462C2BA-896A-409A-A02C-F9576EDD9943}.Debug|Mixed Platforms.Build.0 = Debug|Win32
		{9462C2BA-896A-409A-A02C-F9576EDD9943}.Debug|Win32.ActiveCfg = Debug|Win32
		{9462C2BA-896A-409A-A02C-F9576EDD9943}.Debug|Win32.Build.0 = Debug|Win32
		{9462C2BA-896A-409A-A02C-F9576EDD9943}.Debug|x64.ActiveCfg = Debug|Win32
		{9462C2BA-896A-409A-A02C-F9576EDD9943}.Debug|x86.ActiveCfg = Debug|Win32
		{9462C2BA-896A-409A-A02C-F9576EDD9943}.Debug|x86.Build.0 = Debug|Win32
		{9462C2BA-896A-409A-A02C-F9576EDD9943}.Release|Any CPU.ActiveCfg = Release|Win32
		{9462C2BA-896A-409A-A02C-F9576EDD9943}.Release|Mixed Platforms.ActiveCfg = Release|Win32
		{9462C2BA-896A-409A-A02C-F9576EDD9943}.Release|Mixed Platforms.Build.0 = Release|Win32
		{9462C2BA-896A-409A-A02C-F9576EDD9943}.Release|Win32.ActiveCfg = Release|Win32
		{9462C2BA-896A-409A-A02C-F9576EDD9943}.Release|Win32.Build.0 = Release|Win32
		{9462C2BA-896A-409A-A02C-F9576EDD9943}.Release|x64.ActiveCfg = Release|Win32
		{9462C2BA-896A-409A-A02C-F9576EDD9943}.Release|x86.ActiveCfg = Release|Win32
		{9462C2BA-896A-409A-A02C-F9576EDD9943}.Release|x86.Build.0 = Release|Win32
		{1FBD81DD-4AC6-41FE-84BF-C1F6D84746E2}.Debug|Any CPU.ActiveCfg = Debug|Win32
		{1FBD81DD-4AC6-41FE-84BF-C1F6D84746E2}.Debug|Mixed Platforms.ActiveCfg = Debug|Win32
		{1FBD81DD-4AC6-41FE-84BF-C1F6D84746E2}.Debug|Mixed Platforms.Build.0 = Debug|Win32
		{1FBD81DD-4AC6-41FE-84BF-C1F6D84746E2}.Debug|Win32.ActiveCfg = Debug|Win32
		{1FBD81DD-4AC6-41FE-84BF-C1F6D84746E2}.Debug|Win32.Build.0 = Debug|Win32
		{1FBD81DD-4AC6-41FE-84BF-C1F6D84746E2}.Debug|x64.ActiveCfg = Debug|Win32
		{1FBD81DD-4AC6-41FE-84BF-C1F6D84746E2}.Debug|x86.ActiveCfg = Debug|Win32
		{1FBD81DD-4AC6-41FE-84BF-C1F6D84746E2}.Debug|x86.Build.0 = Debug|Win32
		{1FBD81DD-4AC6-41FE-84BF-C1F6D84746E2}.Release|Any CPU.ActiveCfg = Release|Win32
		{1FBD81DD-4AC6-41FE-84BF-C1F6D84746E2}.Release|Mixed Platforms.ActiveCfg = Release|Win32
		{1FBD81DD-4AC6-41FE-84BF-C1F6D84746E2}.Release|Mixed Platforms.Build.0 = Release|Win32
		{1FBD81DD-4AC6-41FE-84BF-C1F6D84746E2}.Release|Win32.ActiveCfg = Release|Win32
		{1FBD81DD-4AC6-41FE-84BF-C1F6D84746E2}.Release|Win32.Build.0 = Release|Win32
		{1FBD81DD-4AC6-41FE-84BF-C1F6D84746E2}.Release|x64.ActiveCfg = Release|Win32
		{1FBD81DD-4AC6-41FE-84BF-C1F6D84746E2}.Release|x86.ActiveCfg = Release|Win32
		{1FBD81DD-4AC6-41FE-84BF-C1F6D84746E2}.Release|x86.Build.0 = Release|Win32
		{8298B581-2F83-4AB1-B26B-5C8A88AD44B2}.Debug|Any CPU.ActiveCfg = Debug|Win32
		{8298B581-2F83-4AB1-B26B-5C8A88AD44B2}.Debug|Mixed Platforms.ActiveCfg = Debug|Win32
		{8298B581-2F83-4AB1-B26B-5C8A88AD44B2}.Debug|Mixed Platforms.Build.0 = Debug|Win32
		{8298B581-2F83-4AB1-B26B-5C8A88AD44B2}.Debug|Win32.ActiveCfg = Debug|Win32
		{8298B581-2F83-4AB1-B26B-5C8A88AD44B2}.Debug|Win32.Build.0 = Debug|Win32
		{8298B581-2F83-4AB1-B26B-5C8A88AD44B2}.Debug|x64.ActiveCfg = Debug|Win32
		{8298B581-2F83-4AB1-B26B-5C8A88AD44B2}.Debug|x86.ActiveCfg = Debug|Win32
		{8298B581-2F83-4AB1-B26B-5C8A88AD44B2}.Debug|x86.Build.0 = Debug|Win32
		{8298B581-2F83-4AB1-B26B-5C8A88AD44B2}.Release|Any CPU.ActiveCfg = Release|Win32
		{8298B581-2F83-4AB1-B26B-5C8A88AD44B2}.Release|Mixed Platforms.ActiveCfg = Release|Win32
		{8298B581-2F83-4AB1-B26B-5C8A88AD44B2}.Release|Mixed Platforms.Build.0 = Release|Win32
		{8298B581-2F83-4AB1-B26B-5C8A88AD44B2}.Release|Win32.ActiveCfg = Release|Win32
		{8298B581-2F83-4AB1-B26B-5C8A88AD44B2}.Release|Win32.Build.0 = Release|Win32
		{8298B581-2F83-4AB1-B26B-5C8A88AD44B2}.Release|x64.ActiveCfg = Release|Win32
		{8298B581-2F83-4AB1-B26B-5C8A88AD44B2}.Release|x86.ActiveCfg = Release|Win32
		{8298B581-2F83-4AB1-B26B-5C8A88AD44B2}.Release|x86.Build.0 = Release|Win32
		{298F8A9D-1E65-471A-8C5A-0B43FE562A2F}.Debug|Any CPU.ActiveCfg = Debug|Win32
		{298F8A9D-1E65-471A-8C5A-0B43FE562A2F}.Debug|Mixed Platforms.ActiveCfg = Debug|Win32
		{298F8A9D-1E65-471A-8C5A-0B43FE562A2F}.Debug|Mixed Platforms.Build.0 = Debug|Win32
		{298F8A9D-1E65-471A-8C5A-0B43FE562A2F}.Debug|Win32.ActiveCfg = Debug|Win32
		{298F8A9D-1E65-471A-8C5A-0B43FE562A2F}.Debug|Win32.Build.0 = Debug|Win32
		{298F8A9D-1E65-471A-8C5A-0B43FE562A2F}.Debug|x64.ActiveCfg = Debug|Win32
		{298F8A9D-1E65-471A-8C5A-0B43FE562A2F}.Debug|x86.ActiveCfg = Debug|Win32
		{298F8A9D-1E65-471A-8C5A-0B43FE562A2F}.Debug|x86.Build.0 = Debug|Win32
		{298F8A9D-1E65-471A-8C5A-0B43FE562A2F}.Release|Any CPU.ActiveCfg = Release|Win32
		{298F8A9D-1E65-471A-8C5A-0B43FE562A2F}.Release|Mixed Platforms.ActiveCfg = Release|Win32
		{298F8A9D-1E65-471A-8C5A-0B43FE562A2F}.Release|Mixed Platforms.Build.0 = Release|Win32
		{298F8A9D-1E65-471A-8C5A-0B43FE562A2F}.Release|Win32.ActiveCfg = Release|Win32
		{298F8A9D-1E65-471A-8C5A-0B43FE562A2F}.Release|Win32.Build.0 = Release|Win32
		{298F8A9D-1E65-471A-8C5A-0B43FE562A2F}.Release|x64.ActiveCfg = Release|Win32
		{298F8A9D-1E65-471A-8C5A-0B43FE562A2F}.Release|x86.ActiveCfg = Release|Win32
		{298F8A9D-1E65-471A-8C5A-0B43FE562A2F}.Release|x86.Build.0 = Release|Win32
		{631F1BCA-3F18-405E-9771-677CFEF3863A}.Debug|Any CPU.ActiveCfg = Debug|Win32
		{631F1BCA-3F18-405E-9771-677CFEF3863A}.Debug|Mixed Platforms.ActiveCfg = Debug|Win32
		{631F1BCA-3F18-405E-9771-677CFEF3863A}.Debug|Mixed Platforms.Build.0 = Debug|Win32
		{631F1BCA-3F18-405E-9771-677CFEF3863A}.Debug|Win32.ActiveCfg = Debug|Win32
		{631F1BCA-3F18-405E-9771-677CFEF3863A}.Debug|Win32.Build.0 = Debug|Win32
		{631F1BCA-3F18-405E-9771-677CFEF3863A}.Debug|x64.ActiveCfg = Debug|Win32
		{631F1BCA-3F18-405E-9771-677CFEF3863A}.Debug|x86.ActiveCfg = Debug|Win32
		{631F1BCA-3F18-405E-9771-677CFEF3863A}.Debug|x86.Build.0 = Debug|Win32
		{631F1BCA-3F18-405E-9771-677CFEF3863A}.Release|Any CPU.ActiveCfg = Release|Win32
		{631F1BCA-3F18-405E-9771-677CFEF3863A}.Release|Mixed Platforms.ActiveCfg = Release|Win32
		{631F1BCA-3F18-405E-9771-677CFEF3863A}.Release|Mixed Platforms.Build.0 = Release|Win32
		{631F1BCA-3F18-405E-9771-677CFEF3863A}.Release|Win32.ActiveCfg = Release|Win32
		{631F1BCA-3F18-405E-9771-677CFEF3863A}.Release|Win32.Build.0 = Release|Win32
		{631F1BCA-3F18-405E-9771-677CFEF3863A}.Release|x64.ActiveCfg = Release|Win32
		{631F1BCA-3F18-405E-9771-677CFEF3863A}.Release|x86.ActiveCfg = Release|Win32
		{631F1BCA-3F18-405E-9771-677CFEF3863A}.Release|x86.Build.0 = Release|Win32
		{3CDBEA11-BA8C-4B27-B996-02C51A051AE6}.Debug|Any CPU.ActiveCfg = Debug|Win32
		{3CDBEA11-BA8C-4B27-B996-02C51A051AE6}.Debug|Mixed Platforms.ActiveCfg = Debug|Win32
		{3CDBEA11-BA8C-4B27-B996-02C51A051AE6}.Debug|Mixed Platforms.Build.0 = Debug|Win32
		{3CDBEA11-BA8C-4B27-B996-02C51A051AE6}.Debug|Win32.ActiveCfg = Debug|Win32
		{3CDBEA11-BA8C-4B27-B996-02C51A051AE6}.Debug|Win32.Build.0 = Debug|Win32
		{3CDBEA11-BA8C-4B27-B996-02C51A051AE6}.Debug|x64.ActiveCfg = Debug|Win32
		{3CDBEA11-BA8C-4B27-B996-02C51A051AE6}.Debug|x86.ActiveCfg = Debug|Win32
		{3CDBEA11-BA8C-4B27-B996-02C51A051AE6}.Debug|x86.Build.0 = Debug|Win32
		{3CDBEA11-BA8C-4B27-B996-02C51A051AE6}.Release|Any CPU.ActiveCfg = Release|Win32
		{3CDBEA11-BA8C-4B27-B996-02C51A051AE6}.Release|Mixed Platforms.ActiveCfg = Release|Win32
		{3CDBEA11-BA8C-4B27-B996-02C51A051AE6}.Release|Mixed Platforms.Build.0 = Release|Win32
		{3CDBEA11-BA8C-4B27-B996-02C51A051AE6}.Release|Win32.ActiveCfg = Release|Win32
		{3CDBEA11-BA8C-4B27-B996-02C51A051AE6}.Release|Win32.Build.0 = Release|Win32
		{3CDBEA11-BA8C-4B27-B996-02C51A051AE6}.Release|x64.ActiveCfg = Release|Win32
		{3CDBEA11-BA8C-4B27-B996-02C51A051AE6}.Release|x86.ActiveCfg = Release|Win32
		{3CDBEA11-BA8C-4B27-B996-02C51A051AE6}.Release|x86.Build.0 = Release|Win32
		{204A4F01-D1F4-4FF1-BC8D-B4D9E55015BA}.Debug|Any CPU.ActiveCfg = Debug|Win32
		{204A4F01-D1F4-4FF1-BC8D-B4D9E55015BA}.Debug|Mixed Platforms.ActiveCfg = Debug|Win32
		{204A4F01-D1F4-4FF1-BC8D-B4D9E55015BA}.Debug|Mixed Platforms.Build.0 = Debug|Win32
		{204A4F01-D1F4-4FF1-BC8D-B4D9E55015BA}.Debug|Win32.ActiveCfg = Debug|Win32
		{204A4F01-D1F4-4FF1-BC8D-B4D9E55015BA}.Debug|Win32.Build.0 = Debug|Win32
		{204A4F01-D1F4-4FF1-BC8D-B4D9E55015BA}.Debug|x64.ActiveCfg = Debug|Win32
		{204A4F01-D1F4-4FF1-BC8D-B4D9E55015BA}.Debug|x86.ActiveCfg = Debug|Win32
		{204A4F01-D1F4-4FF1-BC8D-B4D9E55015BA}.Debug|x86.Build.0 = Debug|Win32
		{204A4F01-D1F4-4FF1-BC8D-B4D9E55015BA}.Release|Any CPU.ActiveCfg = Release|Win32
		{204A4F01-D1F4-4FF1-BC8D-B4D9E55015BA}.Release|Mixed Platforms.ActiveCfg = Release|Win32
		{204A4F01-D1F4-4FF1-BC8D-B4D9E55015BA}.Release|Mixed Platforms.Build.0 = Release|Win32
		{204A4F01-D1F4-4FF1-BC8D-B4D9E55015BA}.Release|Win32.ActiveCfg = Release|Win32
		{204A4F01-D1F4-4FF1-BC8D-B4D9E55015BA}.Release|Win32.Build.0 = Release|Win32
		{204A4F01-D1F4-4FF1-BC8D-B4D9E55015BA}.Release|x64.ActiveCfg = Release|Win32
		{204A4F01-D1F4-4FF1-BC8D-B4D9E55015BA}.Release|x86.ActiveCfg = Release|Win32
		{204A4F01-D1F4-4FF1-BC8D-B4D9E55015BA}.Release|x86.Build.0 = Release|Win32
		{68640C0E-605D-49CE-B1E3-562DFBC661EA}.Debug|Any CPU.ActiveCfg = Debug|Win32
		{68640C0E-605D-49CE-B1E3-562DFBC661EA}.Debug|Mixed Platforms.ActiveCfg = Debug|Win32
		{68640C0E-605D-49CE-B1E3-562DFBC661EA}.Debug|Mixed Platforms.Build.0 = Debug|Win32
		{68640C0E-605D-49CE-B1E3-562DFBC661EA}.Debug|Win32.ActiveCfg = Debug|Win32
		{68640C0E-605D-49CE-B1E3-562DFBC661EA}.Debug|Win32.Build.0 = Debug|Win32
		{68640C0E-605D-49CE-B1E3-562DFBC661EA}.Debug|x64.ActiveCfg = Debug|Win32
		{68640C0E-605D-49CE-B1E3-562DFBC661EA}.Debug|x86.ActiveCfg = Debug|Win32
		{68640C0E-605D-49CE-B1E3-562DFBC661EA}.Debug|x86.Build.0 = Debug|Win32
		{68640C0E-605D-49CE-B1E3-562DFBC661EA}.Release|Any CPU.ActiveCfg = Release|Win32
		{68640C0E-605D-49CE-B1E3-562DFBC661EA}.Release|Mixed Platforms.ActiveCfg = Release|Win32
		{68640C0E-605D-49CE-B1E3-562DFBC661EA}.Release|Mixed Platforms.Build.0 = Release|Win32
		{68640C0E-605D-49CE-B1E3-562DFBC661EA}.Release|Win32.ActiveCfg = Release|Win32
		{68640C0E-605D-49CE-B1E3-562DFBC661EA}.Release|Win32.Build.0 = Release|Win32
		{68640C0E-605D-49CE-B1E3-562DFBC661EA}.Release|x64.ActiveCfg = Release|Win32
		{68640C0E-605D-49CE-B1E3-562DFBC661EA}.Release|x86.ActiveCfg = Release|Win32
		{68640C0E-605D-49CE-B1E3-562DFBC661EA}.Release|x86.Build.0 = Release|Win32
		{64217679-FAF0-45DE-91A1-69E4743C6F4F}.Debug|Any CPU.ActiveCfg = Debug|Win32
		{64217679-FAF0-45DE-91A1-69E4743C6F4F}.Debug|Mixed Platforms.ActiveCfg = Debug|Win32
		{64217679-FAF0-45DE-91A1-69E4743C6F4F}.Debug|Mixed Platforms.Build.0 = Debug|Win32
		{64217679-FAF0-45DE-91A1-69E4743C6F4F}.Debug|Win32.ActiveCfg = Debug|Win32
		{64217679-FAF0-45DE-91A1-69E4743C6F4F}.Debug|Win32.Build.0 = Debug|Win32
		{64217679-FAF0-45DE-91A1-69E4743C6F4F}.Debug|x64.ActiveCfg = Debug|Win32
		{64217679-FAF0-45DE-91A1-69E4743C6F4F}.Debug|x86.ActiveCfg = Debug|Win32
		{64217679-FAF0-45DE-91A1-69E4743C6F4F}.Debug|x86.Build.0 = Debug|Win32
		{64217679-FAF0-45DE-91A1-69E4743C6F4F}.Release|Any CPU.ActiveCfg = Release|Win32
		{64217679-FAF0-45DE-91A1-69E4743C6F4F}.Release|Mixed Platforms.ActiveCfg = Release|Win32
		{64217679-FAF0-45DE-91A1-69E4743C6F4F}.Release|Mixed Platforms.Build.0 = Release|Win32
		{64217679-FAF0-45DE-91A1-69E4743C6F4F}.Release|Win32.ActiveCfg = Release|Win32
		{64217679-FAF0-45DE-91A1-69E4743C6F4F}.Release|Win32.Build.0 = Release|Win32
		{64217679-FAF0-45DE-91A1-69E4743C6F4F}.Release|x64.ActiveCfg = Release|Win32
		{64217679-FAF0-45DE-91A1-69E4743C6F4F}.Release|x86.ActiveCfg = Release|Win32
		{64217679-FAF0-45DE-91A1-69E4743C6F4F}.Release|x86.Build.0 = Release|Win32
		{F95E46B7-8870-497E-BDE5-B8D8F3E978C2}.Debug|Any CPU.ActiveCfg = Debug|Win32
		{F95E46B7-8870-497E-BDE5-B8D8F3E978C2}.Debug|Mixed Platforms.ActiveCfg = Debug|Win32
		{F95E46B7-8870-497E-BDE5-B8D8F3E978C2}.Debug|Mixed Platforms.Build.0 = Debug|Win32
		{F95E46B7-8870-497E-BDE5-B8D8F3E978C2}.Debug|Win32.ActiveCfg = Debug|Win32
		{F95E46B7-8870-497E-BDE5-B8D8F3E978C2}.Debug|Win32.Build.0 = Debug|Win32
		{F95E46B7-8870-497E-BDE5-B8D8F3E978C2}.Debug|x64.ActiveCfg = Debug|Win32
		{F95E46B7-8870-497E-BDE5-B8D8F3E978C2}.Debug|x86.ActiveCfg = Debug|Win32
		{F95E46B7-8870-497E-BDE5-B8D8F3E978C2}.Debug|x86.Build.0 = Debug|Win32
		{F95E46B7-8870-497E-BDE5-B8D8F3E978C2}.Release|Any CPU.ActiveCfg = Release|Win32
		{F95E46B7-8870-497E-BDE5-B8D8F3E978C2}.Release|Mixed Platforms.ActiveCfg = Release|Win32
		{F95E46B7-8870-497E-BDE5-B8D8F3E978C2}.Release|Mixed Platforms.Build.0 = Release|Win32
		{F95E46B7-8870-497E-BDE5-B8D8F3E978C2}.Release|Win32.ActiveCfg = Release|Win32
		{F95E46B7-8870-497E-BDE5-B8D8F3E978C2}.Release|Win32.Build.0 = Release|Win32
		{F95E46B7-8870-497E-BDE5-B8D8F3E978C2}.Release|x64.ActiveCfg = Release|Win32
		{F95E46B7-8870-497E-BDE5-B8D8F3E978C2}.Release|x86.ActiveCfg = Release|Win32
		{F95E46B7-8870-497E-BDE5-B8D8F3E978C2}.Release|x86.Build.0 = Release|Win32
		{F0B8C475-354D-47A0-A7CF-900B6DDE64B7}.Debug|Any CPU.ActiveCfg = Debug|Win32
		{F0B8C475-354D-47A0-A7CF-900B6DDE64B7}.Debug|Mixed Platforms.ActiveCfg = Debug|Win32
		{F0B8C475-354D-47A0-A7CF-900B6DDE64B7}.Debug|Mixed Platforms.Build.0 = Debug|Win32
		{F0B8C475-354D-47A0-A7CF-900B6DDE64B7}.Debug|Win32.ActiveCfg = Debug|Win32
		{F0B8C475-354D-47A0-A7CF-900B6DDE64B7}.Debug|Win32.Build.0 = Debug|Win32
		{F0B8C475-354D-47A0-A7CF-900B6DDE64B7}.Debug|x64.ActiveCfg = Debug|Win32
		{F0B8C475-354D-47A0-A7CF-900B6DDE64B7}.Debug|x86.ActiveCfg = Debug|Win32
		{F0B8C475-354D-47A0-A7CF-900B6DDE64B7}.Debug|x86.Build.0 = Debug|Win32
		{F0B8C475-354D-47A0-A7CF-900B6DDE64B7}.Release|Any CPU.ActiveCfg = Release|Win32
		{F0B8C475-354D-47A0-A7CF-900B6DDE64B7}.Release|Mixed Platforms.ActiveCfg = Release|Win32
		{F0B8C475-354D-47A0-A7CF-900B6DDE64B7}.Release|Mixed Platforms.Build.0 = Release|Win32
		{F0B8C475-354D-47A0-A7CF-900B6DDE64B7}.Release|Win32.ActiveCfg = Release|Win32
		{F0B8C475-354D-47A0-A7CF-900B6DDE64B7}.Release|Win32.Build.0 = Release|Win32
		{F0B8C475-354D-47A0-A7CF-900B6DDE64B7}.Release|x64.ActiveCfg = Release|Win32
		{F0B8C475-354D-47A0-A7CF-900B6DDE64B7}.Release|x86.ActiveCfg = Release|Win32
		{F0B8C475-354D-47A0-A7CF-900B6DDE64B7}.Release|x86.Build.0 = Release|Win32
		{947FE61D-93DB-46B2-A028-9570B8E4A416}.Debug|Any CPU.ActiveCfg = Debug|Win32
		{947FE61D-93DB-46B2-A028-9570B8E4A416}.Debug|Mixed Platforms.ActiveCfg = Debug|Win32
		{947FE61D-93DB-46B2-A028-9570B8E4A416}.Debug|Mixed Platforms.Build.0 = Debug|Win32
		{947FE61D-93DB-46B2-A028-9570B8E4A416}.Debug|Win32.ActiveCfg = Debug|Win32
		{947FE61D-93DB-46B2-A028-9570B8E4A416}.Debug|Win32.Build.0 = Debug|Win32
		{947FE61D-93DB-46B2-A028-9570B8E4A416}.Debug|x64.ActiveCfg = Debug|Win32
		{947FE61D-93DB-46B2-A028-9570B8E4A416}.Debug|x86.ActiveCfg = Debug|Win32
		{947FE61D-93DB-46B2-A028-9570B8E4A416}.Debug|x86.Build.0 = Debug|Win32
		{947FE61D-93DB-46B2-A028-9570B8E4A416}.Release|Any CPU.ActiveCfg = Release|Win32
		{947FE61D-93DB-46B2-A028-9570B8E4A416}.Release|Mixed Platforms.ActiveCfg = Release|Win32
		{947FE61D-93DB-46B2-A028-9570B8E4A416}.Release|Mixed Platforms.Build.0 = Release|Win32
		{947FE61D-93DB-46B2-A028-9570B8E4A416}.Release|Win32.ActiveCfg = Release|Win32
		{947FE61D-93DB-46B2-A028-9570B8E4A416}.Release|Win32.Build.0 = Release|Win32
		{947FE61D-93DB-46B2-A028-9570B8E4A416}.Release|x64.ActiveCfg = Release|Win32
		{947FE61D-93DB-46B2-A028-9570B8E4A416}.Release|x86.ActiveCfg = Release|Win32
		{947FE61D-93DB-46B2-A028-9570B8E4A416}.Release|x86.Build.0 = Release|Win32
		{062CF727-C0A7-4202-8682-8BA9E8C7BA3A}.Debug|Any CPU.ActiveCfg = Debug|Win32
		{062CF727-C0A7-4202-8682-8BA9E8C7BA3A}.Debug|Mixed Platforms.ActiveCfg = Debug|Win32
		{062CF727-C0A7-4202-8682-8BA9E8C7BA3A}.Debug|Mixed Platforms.Build.0 = Debug|Win32
		{062CF727-C0A7-4202-8682-8BA9E8C7BA3A}.Debug|Win32.ActiveCfg = Debug|Win32
		{062CF727-C0A7-4202-8682-8BA9E8C7BA3A}.Debug|Win32.Build.0 = Debug|Win32
		{062CF727-C0A7-4202-8682-8BA9E8C7BA3A}.Debug|x64.ActiveCfg = Debug|Win32
		{062CF727-C0A7-4202-8682-8BA9E8C7BA3A}.Debug|x86.ActiveCfg = Debug|Win32
		{062CF727-C0A7-4202-8682-8BA9E8C7BA3A}.Debug|x86.Build.0 = Debug|Win32
		{062CF727-C0A7-4202-8682-8BA9E8C7BA3A}.Release|Any CPU.ActiveCfg = Release|Win32
		{062CF727-C0A7-4202-8682-8BA9E8C7BA3A}.Release|Mixed Platforms.ActiveCfg = Release|Win32
		{062CF727-C0A7-4202-8682-8BA9E8C7BA3A}.Release|Mixed Platforms.Build.0 = Release|Win32
		{062CF727-C0A7-4202-8682-8BA9E8C7BA3A}.Release|Win32.ActiveCfg = Release|Win32
		{062CF727-C0A7-4202-8682-8BA9E8C7BA3A}.Release|Win32.Build.0 = Release|Win32
		{062CF727-C0A7-4202-8682-8BA9E8C7BA3A}.Release|x64.ActiveCfg = Release|Win32
		{062CF727-C0A7-4202-8682-8BA9E8C7BA3A}.Release|x86.ActiveCfg = Release|Win32
		{062CF727-C0A7-4202-8682-8BA9E8C7BA3A}.Release|x86.Build.0 = Release|Win32
		{8103ED33-4CF5-4C95-9081-13CF778EA4B3}.Debug|Any CPU.ActiveCfg = Debug|Win32
		{8103ED33-4CF5-4C95-9081-13CF778EA4B3}.Debug|Mixed Platforms.ActiveCfg = Debug|Win32
		{8103ED33-4CF5-4C95-9081-13CF778EA4B3}.Debug|Mixed Platforms.Build.0 = Debug|Win32
		{8103ED33-4CF5-4C95-9081-13CF778EA4B3}.Debug|Win32.ActiveCfg = Debug|Win32
		{8103ED33-4CF5-4C95-9081-13CF778EA4B3}.Debug|Win32.Build.0 = Debug|Win32
		{8103ED33-4CF5-4C95-9081-13CF778EA4B3}.Debug|x64.ActiveCfg = Debug|Win32
		{8103ED33-4CF5-4C95-9081-13CF778EA4B3}.Debug|x86.ActiveCfg = Debug|Win32
		{8103ED33-4CF5-4C95-9081-13CF778EA4B3}.Debug|x86.Build.0 = Debug|Win32
		{8103ED33-4CF5-4C95-9081-13CF778EA4B3}.Release|Any CPU.ActiveCfg = Release|Win32
		{8103ED33-4CF5-4C95-9081-13CF778EA4B3}.Release|Mixed Platforms.ActiveCfg = Release|Win32
		{8103ED33-4CF5-4C95-9081-13CF778EA4B3}.Release|Mixed Platforms.Build.0 = Release|Win32
		{8103ED33-4CF5-4C95-9081-13CF778EA4B3}.Release|Win32.ActiveCfg = Release|Win32
		{8103ED33-4CF5-4C95-9081-13CF778EA4B3}.Release|Win32.Build.0 = Release|Win32
		{8103ED33-4CF5-4C95-9081-13CF778EA4B3}.Release|x64.ActiveCfg = Release|Win32
		{8103ED33-4CF5-4C95-9081-13CF778EA4B3}.Release|x86.ActiveCfg = Release|Win32
		{8103ED33-4CF5-4C95-9081-13CF778EA4B3}.Release|x86.Build.0 = Release|Win32
		{9C185BF2-D0D0-47F8-BDE0-B7F7B92531FD}.Debug|Any CPU.ActiveCfg = Debug|Win32
		{9C185BF2-D0D0-47F8-BDE0-B7F7B92531FD}.Debug|Mixed Platforms.ActiveCfg = Debug|Win32
		{9C185BF2-D0D0-47F8-BDE0-B7F7B92531FD}.Debug|Mixed Platforms.Build.0 = Debug|Win32
		{9C185BF2-D0D0-47F8-BDE0-B7F7B92531FD}.Debug|Win32.ActiveCfg = Debug|Win32
		{9C185BF2-D0D0-47F8-BDE0-B7F7B92531FD}.Debug|Win32.Build.0 = Debug|Win32
		{9C185BF2-D0D0-47F8-BDE0-B7F7B92531FD}.Debug|x64.ActiveCfg = Debug|Win32
		{9C185BF2-D0D0-47F8-BDE0-B7F7B92531FD}.Debug|x86.ActiveCfg = Debug|Win32
		{9C185BF2-D0D0-47F8-BDE0-B7F7B92531FD}.Debug|x86.Build.0 = Debug|Win32
		{9C185BF2-D0D0-47F8-BDE0-B7F7B92531FD}.Release|Any CPU.ActiveCfg = Release|Win32
		{9C185BF2-D0D0-47F8-BDE0-B7F7B92531FD}.Release|Mixed Platforms.ActiveCfg = Release|Win32
		{9C185BF2-D0D0-47F8-BDE0-B7F7B92531FD}.Release|Mixed Platforms.Build.0 = Release|Win32
		{9C185BF2-D0D0-47F8-BDE0-B7F7B92531FD}.Release|Win32.ActiveCfg = Release|Win32
		{9C185BF2-D0D0-47F8-BDE0-B7F7B92531FD}.Release|Win32.Build.0 = Release|Win32
		{9C185BF2-D0D0-47F8-BDE0-B7F7B92531FD}.Release|x64.ActiveCfg = Release|Win32
		{9C185BF2-D0D0-47F8-BDE0-B7F7B92531FD}.Release|x86.ActiveCfg = Release|Win32
		{9C185BF2-D0D0-47F8-BDE0-B7F7B92531FD}.Release|x86.Build.0 = Release|Win32
	EndGlobalSection
	GlobalSection(SolutionProperties) = preSolution
		HideSolutionNode = FALSE
	EndGlobalSection
EndGlobal
